
Microsoft Visual Studio Solution File, Format Version 12.00
# Visual Studio Version 17
VisualStudioVersion = 17.5.002.0
MinimumVisualStudioVersion = 10.0.40219.1
Project("{9A19103F-16F7-4668-BE54-9A1E7A4F7556}") = "openphd2-multiscope", "openphd2-multiscope.csproj", "{DE510AEF-6281-4DB7-B755-40728210D500}"
EndProject
Global
	GlobalSection(SolutionConfigurationPlatforms) = preSolution
		Debug|Any CPU = Debug|Any CPU
		Release|Any CPU = Release|Any CPU
	EndGlobalSection
	GlobalSection(ProjectConfigurationPlatforms) = postSolution
		{DE510AEF-6281-4DB7-B755-40728210D500}.Debug|Any CPU.ActiveCfg = Debug|Any CPU
		{DE510AEF-6281-4DB7-B755-40728210D500}.Debug|Any CPU.Build.0 = Debug|Any CPU
		{DE510AEF-6281-4DB7-B755-40728210D500}.Release|Any CPU.ActiveCfg = Release|Any CPU
		{DE510AEF-6281-4DB7-B755-40728210D500}.Release|Any CPU.Build.0 = Release|Any CPU
	EndGlobalSection
	GlobalSection(SolutionProperties) = preSolution
		HideSolutionNode = FALSE
	EndGlobalSection
	GlobalSection(ExtensibilityGlobals) = postSolution
		SolutionGuid = {3DFF0A00-2591-4347-A782-E7A7D3EB86A4}
	EndGlobalSection
EndGlobal
